
Microsoft Visual Studio Solution File, Format Version 12.00
# Visual Studio Version 17
VisualStudioVersion = 17.9.34723.18
MinimumVisualStudioVersion = 10.0.40219.1
Project("{FAE04EC0-301F-11D3-BF4B-00C04F79EFBC}") = "The8Puzzle", "The8Puzzle\The8Puzzle.csproj", "{7360DCFF-FA61-4C7F-98DF-7449D0B72A08}"
EndProject
Global
	GlobalSection(SolutionConfigurationPlatforms) = preSolution
		Debug|Any CPU = Debug|Any CPU
		Release|Any CPU = Release|Any CPU
	EndGlobalSection
	GlobalSection(ProjectConfigurationPlatforms) = postSolution
		{7360DCFF-FA61-4C7F-98DF-7449D0B72A08}.Debug|Any CPU.ActiveCfg = Debug|Any CPU
		{7360DCFF-FA61-4C7F-98DF-7449D0B72A08}.Debug|Any CPU.Build.0 = Debug|Any CPU
		{7360DCFF-FA61-4C7F-98DF-7449D0B72A08}.Release|Any CPU.ActiveCfg = Release|Any CPU
		{7360DCFF-FA61-4C7F-98DF-7449D0B72A08}.Release|Any CPU.Build.0 = Release|Any CPU
	EndGlobalSection
	GlobalSection(SolutionProperties) = preSolution
		HideSolutionNode = FALSE
	EndGlobalSection
	GlobalSection(ExtensibilityGlobals) = postSolution
		SolutionGuid = {A19542DB-BC46-4B88-A6AB-3D5E557CC76C}
	EndGlobalSection
EndGlobal
